
Microsoft Visual Studio Solution File, Format Version 11.00
# Visual Studio 2010
Project("{73443E56-3503-11DE-B03D-001DBA02A2FC}") = "Client", "Client.hxproj", "{1973930F-079D-4CBC-B98C-6684F2724CFA}"
EndProject
Global
	GlobalSection(SolutionConfigurationPlatforms) = preSolution
		Debug|Any CPU = Debug|Any CPU
		Release|Any CPU = Release|Any CPU
	EndGlobalSection
	GlobalSection(ProjectConfigurationPlatforms) = postSolution
		{1973930F-079D-4CBC-B98C-6684F2724CFA}.Debug|Any CPU.ActiveCfg = Debug|Any CPU
		{1973930F-079D-4CBC-B98C-6684F2724CFA}.Debug|Any CPU.Build.0 = Debug|Any CPU
		{1973930F-079D-4CBC-B98C-6684F2724CFA}.Release|Any CPU.ActiveCfg = Release|Any CPU
		{1973930F-079D-4CBC-B98C-6684F2724CFA}.Release|Any CPU.Build.0 = Release|Any CPU
	EndGlobalSection
	GlobalSection(MonoDevelopProperties) = preSolution
		StartupItem = Client.hxproj
	EndGlobalSection
EndGlobal
